{
  "nodes": {
    "nixpkgs": {
      "locked": {
        "lastModified": 1674781052,
        "narHash": "sha256-nseKFXRvmZ+BDAeWQtsiad+5MnvI/M2Ak9iAWzooWBw=",
        "path": "/nix/store/q5m45mhgiwf3lxckr6baicfmg480hd0q-source",
        "rev": "cc4bb87f5457ba06af9ae57ee4328a49ce674b1b",
        "type": "path"
      },
      "original": {
        "id": "nixpkgs",
        "type": "indirect"
      }
    },
    "root": {
      "inputs": {
        "nixpkgs": "nixpkgs"
      }
    }
  },
  "root": "root",
  "version": 7
}
